
Microsoft Visual Studio Solution File, Format Version 12.00
# Visual Studio Version 17
VisualStudioVersion = 17.6.33815.320
MinimumVisualStudioVersion = 10.0.40219.1
Project("{9A19103F-16F7-4668-BE54-9A1E7A4F7556}") = "HexaGen", "HexaGen\HexaGen.csproj", "{93F673CD-B2FE-4D0D-AAC4-D89B9C54A120}"
EndProject
Project("{9A19103F-16F7-4668-BE54-9A1E7A4F7556}") = "HexaGen.Core", "HexaGen.Core\HexaGen.Core.csproj", "{5D641688-A2C7-4196-9BEC-4BBF0E296988}"
EndProject
Project("{9A19103F-16F7-4668-BE54-9A1E7A4F7556}") = "HexaGen.Runtime", "HexaGen.Runtime\HexaGen.Runtime.csproj", "{8821BF65-727D-487B-A0BA-740BA61FFA46}"
EndProject
Project("{9A19103F-16F7-4668-BE54-9A1E7A4F7556}") = "HexaGen.Runtime.COM", "HexaGen.Runtime.COM\HexaGen.Runtime.COM.csproj", "{06D27023-B120-447B-90D6-98A0FE5BD57F}"
EndProject
Project("{9A19103F-16F7-4668-BE54-9A1E7A4F7556}") = "HexaGen.Tests", "HexaGen.Tests\HexaGen.Tests.csproj", "{A1B824BC-D637-4363-B2F0-A925D23E1D5D}"
EndProject
Project("{9A19103F-16F7-4668-BE54-9A1E7A4F7556}") = "HexaGen.Language", "HexaGen.Language\HexaGen.Language.csproj", "{B7287485-BF6B-464C-B6FC-17A11BF0536D}"
EndProject
Project("{9A19103F-16F7-4668-BE54-9A1E7A4F7556}") = "HexaGen.PerformanceTests", "HexaGen.PerformanceTests\HexaGen.PerformanceTests.csproj", "{8380270B-0225-41A4-97CE-3AC812474489}"
EndProject
Project("{9A19103F-16F7-4668-BE54-9A1E7A4F7556}") = "HexaGen.Cpp2C", "HexaGen.Cpp2C\HexaGen.Cpp2C.csproj", "{B9F8CB09-219F-489B-8B23-A2CCA53C99C6}"
EndProject
Project("{FAE04EC0-301F-11D3-BF4B-00C04F79EFBC}") = "TestApp", "TestApp\TestApp.csproj", "{E8A79291-393A-481F-B174-3731A53176D7}"
EndProject
Global
	GlobalSection(SolutionConfigurationPlatforms) = preSolution
		Debug|Any CPU = Debug|Any CPU
		Release|Any CPU = Release|Any CPU
	EndGlobalSection
	GlobalSection(ProjectConfigurationPlatforms) = postSolution
		{93F673CD-B2FE-4D0D-AAC4-D89B9C54A120}.Debug|Any CPU.ActiveCfg = Debug|Any CPU
		{93F673CD-B2FE-4D0D-AAC4-D89B9C54A120}.Debug|Any CPU.Build.0 = Debug|Any CPU
		{93F673CD-B2FE-4D0D-AAC4-D89B9C54A120}.Release|Any CPU.ActiveCfg = Release|Any CPU
		{93F673CD-B2FE-4D0D-AAC4-D89B9C54A120}.Release|Any CPU.Build.0 = Release|Any CPU
		{5D641688-A2C7-4196-9BEC-4BBF0E296988}.Debug|Any CPU.ActiveCfg = Debug|Any CPU
		{5D641688-A2C7-4196-9BEC-4BBF0E296988}.Debug|Any CPU.Build.0 = Debug|Any CPU
		{5D641688-A2C7-4196-9BEC-4BBF0E296988}.Release|Any CPU.ActiveCfg = Release|Any CPU
		{5D641688-A2C7-4196-9BEC-4BBF0E296988}.Release|Any CPU.Build.0 = Release|Any CPU
		{8821BF65-727D-487B-A0BA-740BA61FFA46}.Debug|Any CPU.ActiveCfg = Debug|Any CPU
		{8821BF65-727D-487B-A0BA-740BA61FFA46}.Debug|Any CPU.Build.0 = Debug|Any CPU
		{8821BF65-727D-487B-A0BA-740BA61FFA46}.Release|Any CPU.ActiveCfg = Release|Any CPU
		{8821BF65-727D-487B-A0BA-740BA61FFA46}.Release|Any CPU.Build.0 = Release|Any CPU
		{06D27023-B120-447B-90D6-98A0FE5BD57F}.Debug|Any CPU.ActiveCfg = Debug|Any CPU
		{06D27023-B120-447B-90D6-98A0FE5BD57F}.Debug|Any CPU.Build.0 = Debug|Any CPU
		{06D27023-B120-447B-90D6-98A0FE5BD57F}.Release|Any CPU.ActiveCfg = Release|Any CPU
		{06D27023-B120-447B-90D6-98A0FE5BD57F}.Release|Any CPU.Build.0 = Release|Any CPU
		{A1B824BC-D637-4363-B2F0-A925D23E1D5D}.Debug|Any CPU.ActiveCfg = Debug|Any CPU
		{A1B824BC-D637-4363-B2F0-A925D23E1D5D}.Debug|Any CPU.Build.0 = Debug|Any CPU
		{A1B824BC-D637-4363-B2F0-A925D23E1D5D}.Release|Any CPU.ActiveCfg = Release|Any CPU
		{A1B824BC-D637-4363-B2F0-A925D23E1D5D}.Release|Any CPU.Build.0 = Release|Any CPU
		{B7287485-BF6B-464C-B6FC-17A11BF0536D}.Debug|Any CPU.ActiveCfg = Debug|Any CPU
		{B7287485-BF6B-464C-B6FC-17A11BF0536D}.Debug|Any CPU.Build.0 = Debug|Any CPU
		{B7287485-BF6B-464C-B6FC-17A11BF0536D}.Release|Any CPU.ActiveCfg = Release|Any CPU
		{B7287485-BF6B-464C-B6FC-17A11BF0536D}.Release|Any CPU.Build.0 = Release|Any CPU
		{8380270B-0225-41A4-97CE-3AC812474489}.Debug|Any CPU.ActiveCfg = Debug|Any CPU
		{8380270B-0225-41A4-97CE-3AC812474489}.Debug|Any CPU.Build.0 = Debug|Any CPU
		{8380270B-0225-41A4-97CE-3AC812474489}.Release|Any CPU.ActiveCfg = Release|Any CPU
		{8380270B-0225-41A4-97CE-3AC812474489}.Release|Any CPU.Build.0 = Release|Any CPU
		{B9F8CB09-219F-489B-8B23-A2CCA53C99C6}.Debug|Any CPU.ActiveCfg = Debug|Any CPU
		{B9F8CB09-219F-489B-8B23-A2CCA53C99C6}.Debug|Any CPU.Build.0 = Debug|Any CPU
		{B9F8CB09-219F-489B-8B23-A2CCA53C99C6}.Release|Any CPU.ActiveCfg = Release|Any CPU
		{B9F8CB09-219F-489B-8B23-A2CCA53C99C6}.Release|Any CPU.Build.0 = Release|Any CPU
		{E8A79291-393A-481F-B174-3731A53176D7}.Debug|Any CPU.ActiveCfg = Debug|Any CPU
		{E8A79291-393A-481F-B174-3731A53176D7}.Debug|Any CPU.Build.0 = Debug|Any CPU
		{E8A79291-393A-481F-B174-3731A53176D7}.Release|Any CPU.ActiveCfg = Release|Any CPU
		{E8A79291-393A-481F-B174-3731A53176D7}.Release|Any CPU.Build.0 = Release|Any CPU
	EndGlobalSection
	GlobalSection(SolutionProperties) = preSolution
		HideSolutionNode = FALSE
	EndGlobalSection
	GlobalSection(ExtensibilityGlobals) = postSolution
		SolutionGuid = {C0008876-626C-499C-8C57-D2BF57FBEE36}
	EndGlobalSection
EndGlobal
