
Microsoft Visual Studio Solution File, Format Version 12.00
# Visual Studio Version 17
VisualStudioVersion = 17.6.33815.320
MinimumVisualStudioVersion = 10.0.40219.1
Project("{9A19103F-16F7-4668-BE54-9A1E7A4F7556}") = "HexaGen", "HexaGen\HexaGen.csproj", "{93F673CD-B2FE-4D0D-AAC4-D89B9C54A120}"
EndProject
Project("{9A19103F-16F7-4668-BE54-9A1E7A4F7556}") = "HexaGen.Core", "HexaGen.Core\HexaGen.Core.csproj", "{5D641688-A2C7-4196-9BEC-4BBF0E296988}"
EndProject
Project("{9A19103F-16F7-4668-BE54-9A1E7A4F7556}") = "HexaGen.Runtime", "HexaGen.Runtime\HexaGen.Runtime.csproj", "{8821BF65-727D-487B-A0BA-740BA61FFA46}"
EndProject
Project("{9A19103F-16F7-4668-BE54-9A1E7A4F7556}") = "HexaGen.Runtime.COM", "HexaGen.Runtime.COM\HexaGen.Runtime.COM.csproj", "{06D27023-B120-447B-90D6-98A0FE5BD57F}"
EndProject
Project("{9A19103F-16F7-4668-BE54-9A1E7A4F7556}") = "XAudioTest", "AudioTest\XAudioTest.csproj", "{03995BA4-23A2-4231-80A5-4FF98AD8CD18}"
EndProject
Project("{2150E333-8FDC-42A3-9474-1A3956D46DE8}") = "Tests", "Tests", "{965D5F79-56E6-4467-BFE9-F8687E123E9A}"
EndProject
Project("{9A19103F-16F7-4668-BE54-9A1E7A4F7556}") = "HexaGen.Tests", "HexaGen.Tests\HexaGen.Tests.csproj", "{A1B824BC-D637-4363-B2F0-A925D23E1D5D}"
EndProject
Project("{9A19103F-16F7-4668-BE54-9A1E7A4F7556}") = "D3D11Test", "D3D11Test\D3D11Test.csproj", "{85946594-FF9C-455D-9276-D4D37007D2E1}"
EndProject
Project("{9A19103F-16F7-4668-BE54-9A1E7A4F7556}") = "HexaGen.Language", "HexaGen.Language\HexaGen.Language.csproj", "{B7287485-BF6B-464C-B6FC-17A11BF0536D}"
EndProject
Project("{9A19103F-16F7-4668-BE54-9A1E7A4F7556}") = "HexaGen.PerformanceTests", "HexaGen.PerformanceTests\HexaGen.PerformanceTests.csproj", "{8380270B-0225-41A4-97CE-3AC812474489}"
EndProject
Project("{9A19103F-16F7-4668-BE54-9A1E7A4F7556}") = "OpenALTest", "OpenALTest\OpenALTest.csproj", "{E2566CCA-D0C8-41C5-AF57-846480013AE4}"
EndProject
Project("{9A19103F-16F7-4668-BE54-9A1E7A4F7556}") = "SDL2Test", "SDL2Test\SDL2Test.csproj", "{CBE32DE1-3659-4098-BD90-52E4C28E83F7}"
EndProject
Project("{9A19103F-16F7-4668-BE54-9A1E7A4F7556}") = "ConsoleApp", "ConsoleApp\ConsoleApp.csproj", "{B980CE5F-C635-403B-89BB-9E8B475890A2}"
EndProject
Project("{9A19103F-16F7-4668-BE54-9A1E7A4F7556}") = "Hexa.NET.D3D11", "Hexa.NET.D3D11\Hexa.NET.D3D11.csproj", "{881380F6-E4CF-4212-A333-FA780B655C95}"
EndProject
Project("{9A19103F-16F7-4668-BE54-9A1E7A4F7556}") = "Hexa.NET.D3D12", "Hexa.NET.D3D12\Hexa.NET.D3D12.csproj", "{5947B6BF-C849-4E8B-8852-7FA10868C596}"
EndProject
Project("{9A19103F-16F7-4668-BE54-9A1E7A4F7556}") = "Hexa.NET.D3DCommon", "Hexa.NET.D3DCommon\Hexa.NET.D3DCommon.csproj", "{E06A4539-C857-4AA3-ADD8-335D553C0191}"
EndProject
Project("{9A19103F-16F7-4668-BE54-9A1E7A4F7556}") = "Hexa.NET.D3DCompiler", "Hexa.NET.D3DCompiler\Hexa.NET.D3DCompiler.csproj", "{7D30465C-B13E-4D79-9D03-9F091628D802}"
EndProject
Project("{9A19103F-16F7-4668-BE54-9A1E7A4F7556}") = "Hexa.NET.DXC", "Hexa.NET.DXC\Hexa.NET.DXC.csproj", "{D48E54A5-F529-4BD2-A888-C32E47D7D358}"
EndProject
Project("{9A19103F-16F7-4668-BE54-9A1E7A4F7556}") = "Hexa.NET.DXGI", "Hexa.NET.DXGI\Hexa.NET.DXGI.csproj", "{D3FD00ED-CDE7-4B20-9F46-44C4C76DAAC2}"
EndProject
Project("{9A19103F-16F7-4668-BE54-9A1E7A4F7556}") = "Hexa.NET.ImGui", "Hexa.NET.ImGui\Hexa.NET.ImGui.csproj", "{D233A001-24C5-4E09-BFB7-C990F2426A2B}"
EndProject
Project("{9A19103F-16F7-4668-BE54-9A1E7A4F7556}") = "Hexa.NET.OpenAL", "Hexa.NET.OpenAL\Hexa.NET.OpenAL.csproj", "{C7021380-E393-4818-ACB8-04EFA448B0CC}"
EndProject
Project("{9A19103F-16F7-4668-BE54-9A1E7A4F7556}") = "Hexa.NET.SDL2", "Hexa.NET.SDL2\Hexa.NET.SDL2.csproj", "{FF921194-8E7B-4C52-909F-C16F6BB34A44}"
EndProject
Project("{9A19103F-16F7-4668-BE54-9A1E7A4F7556}") = "Hexa.NET.Shaderc", "Hexa.NET.Shaderc\Hexa.NET.Shaderc.csproj", "{C1EA546F-AA74-48E0-9596-4575F3A28BAF}"
EndProject
Project("{9A19103F-16F7-4668-BE54-9A1E7A4F7556}") = "Hexa.NET.X3DAudio", "Hexa.NET.X3DAudio\Hexa.NET.X3DAudio.csproj", "{896638D6-9D19-416B-9696-9CD7F8B23CB4}"
EndProject
Project("{9A19103F-16F7-4668-BE54-9A1E7A4F7556}") = "Hexa.NET.XAudio2", "Hexa.NET.XAudio2\Hexa.NET.XAudio2.csproj", "{1FACF127-D029-4EF4-8652-36E11CB22CF1}"
EndProject
Project("{9A19103F-16F7-4668-BE54-9A1E7A4F7556}") = "Hexa.NET.SPIRVCross", "Hexa.NET.SPIRVCross\Hexa.NET.SPIRVCross.csproj", "{09329CB4-37B9-4559-AE56-8022407C1371}"
EndProject
Project("{2150E333-8FDC-42A3-9474-1A3956D46DE8}") = "Libs", "Libs", "{FA2D6440-3086-4E5C-914E-F2E54C8FDB3A}"
EndProject
Project("{FAE04EC0-301F-11D3-BF4B-00C04F79EFBC}") = "Hexa.NET.OpenGL", "Hexa.NET.OpenGL\Hexa.NET.OpenGL.csproj", "{6E3031C1-054C-421B-B445-673BA790C907}"
EndProject
Project("{FAE04EC0-301F-11D3-BF4B-00C04F79EFBC}") = "Hexa.NET.Vulkan", "Hexa.NET.Vulkan\Hexa.NET.Vulkan.csproj", "{0DC8303B-3DF2-46EC-AA20-99B54EBCDA5E}"
EndProject
Project("{9A19103F-16F7-4668-BE54-9A1E7A4F7556}") = "Hexa.NET.PhysX", "Hexa.NET.PhysX\Hexa.NET.PhysX.csproj", "{47D9FE42-1BC9-4987-868B-DE0B7DFA774D}"
EndProject
Project("{9A19103F-16F7-4668-BE54-9A1E7A4F7556}") = "HexaGen.Cpp2C", "HexaGen.Cpp2C\HexaGen.Cpp2C.csproj", "{B9F8CB09-219F-489B-8B23-A2CCA53C99C6}"
EndProject
Project("{9A19103F-16F7-4668-BE54-9A1E7A4F7556}") = "Hexa.NET.FreeType", "Hexa.NET.FreeType\Hexa.NET.FreeType.csproj", "{9BD1B06E-A8BD-4FE7-B5FD-3792FE7C63FE}"
EndProject
Project("{9A19103F-16F7-4668-BE54-9A1E7A4F7556}") = "FreeTypeTest", "FreeTypeTest\FreeTypeTest.csproj", "{DB7B6A10-85CE-4D17-ACD8-7DF3781469BA}"
EndProject
Project("{FAE04EC0-301F-11D3-BF4B-00C04F79EFBC}") = "Hexa.NET.SPIRVReflect", "Hexa.NET.SPIRVReflect\Hexa.NET.SPIRVReflect.csproj", "{D364862B-8DFD-4D25-82DD-F0915FC1190E}"
EndProject
Global
	GlobalSection(SolutionConfigurationPlatforms) = preSolution
		Debug|Any CPU = Debug|Any CPU
		Release|Any CPU = Release|Any CPU
	EndGlobalSection
	GlobalSection(ProjectConfigurationPlatforms) = postSolution
		{93F673CD-B2FE-4D0D-AAC4-D89B9C54A120}.Debug|Any CPU.ActiveCfg = Debug|Any CPU
		{93F673CD-B2FE-4D0D-AAC4-D89B9C54A120}.Debug|Any CPU.Build.0 = Debug|Any CPU
		{93F673CD-B2FE-4D0D-AAC4-D89B9C54A120}.Release|Any CPU.ActiveCfg = Release|Any CPU
		{93F673CD-B2FE-4D0D-AAC4-D89B9C54A120}.Release|Any CPU.Build.0 = Release|Any CPU
		{5D641688-A2C7-4196-9BEC-4BBF0E296988}.Debug|Any CPU.ActiveCfg = Debug|Any CPU
		{5D641688-A2C7-4196-9BEC-4BBF0E296988}.Debug|Any CPU.Build.0 = Debug|Any CPU
		{5D641688-A2C7-4196-9BEC-4BBF0E296988}.Release|Any CPU.ActiveCfg = Release|Any CPU
		{5D641688-A2C7-4196-9BEC-4BBF0E296988}.Release|Any CPU.Build.0 = Release|Any CPU
		{8821BF65-727D-487B-A0BA-740BA61FFA46}.Debug|Any CPU.ActiveCfg = Debug|Any CPU
		{8821BF65-727D-487B-A0BA-740BA61FFA46}.Debug|Any CPU.Build.0 = Debug|Any CPU
		{8821BF65-727D-487B-A0BA-740BA61FFA46}.Release|Any CPU.ActiveCfg = Release|Any CPU
		{8821BF65-727D-487B-A0BA-740BA61FFA46}.Release|Any CPU.Build.0 = Release|Any CPU
		{06D27023-B120-447B-90D6-98A0FE5BD57F}.Debug|Any CPU.ActiveCfg = Debug|Any CPU
		{06D27023-B120-447B-90D6-98A0FE5BD57F}.Debug|Any CPU.Build.0 = Debug|Any CPU
		{06D27023-B120-447B-90D6-98A0FE5BD57F}.Release|Any CPU.ActiveCfg = Release|Any CPU
		{06D27023-B120-447B-90D6-98A0FE5BD57F}.Release|Any CPU.Build.0 = Release|Any CPU
		{03995BA4-23A2-4231-80A5-4FF98AD8CD18}.Debug|Any CPU.ActiveCfg = Debug|Any CPU
		{03995BA4-23A2-4231-80A5-4FF98AD8CD18}.Debug|Any CPU.Build.0 = Debug|Any CPU
		{03995BA4-23A2-4231-80A5-4FF98AD8CD18}.Release|Any CPU.ActiveCfg = Release|Any CPU
		{03995BA4-23A2-4231-80A5-4FF98AD8CD18}.Release|Any CPU.Build.0 = Release|Any CPU
		{A1B824BC-D637-4363-B2F0-A925D23E1D5D}.Debug|Any CPU.ActiveCfg = Debug|Any CPU
		{A1B824BC-D637-4363-B2F0-A925D23E1D5D}.Debug|Any CPU.Build.0 = Debug|Any CPU
		{A1B824BC-D637-4363-B2F0-A925D23E1D5D}.Release|Any CPU.ActiveCfg = Release|Any CPU
		{A1B824BC-D637-4363-B2F0-A925D23E1D5D}.Release|Any CPU.Build.0 = Release|Any CPU
		{85946594-FF9C-455D-9276-D4D37007D2E1}.Debug|Any CPU.ActiveCfg = Debug|Any CPU
		{85946594-FF9C-455D-9276-D4D37007D2E1}.Debug|Any CPU.Build.0 = Debug|Any CPU
		{85946594-FF9C-455D-9276-D4D37007D2E1}.Release|Any CPU.ActiveCfg = Release|Any CPU
		{85946594-FF9C-455D-9276-D4D37007D2E1}.Release|Any CPU.Build.0 = Release|Any CPU
		{B7287485-BF6B-464C-B6FC-17A11BF0536D}.Debug|Any CPU.ActiveCfg = Debug|Any CPU
		{B7287485-BF6B-464C-B6FC-17A11BF0536D}.Debug|Any CPU.Build.0 = Debug|Any CPU
		{B7287485-BF6B-464C-B6FC-17A11BF0536D}.Release|Any CPU.ActiveCfg = Release|Any CPU
		{B7287485-BF6B-464C-B6FC-17A11BF0536D}.Release|Any CPU.Build.0 = Release|Any CPU
		{8380270B-0225-41A4-97CE-3AC812474489}.Debug|Any CPU.ActiveCfg = Debug|Any CPU
		{8380270B-0225-41A4-97CE-3AC812474489}.Debug|Any CPU.Build.0 = Debug|Any CPU
		{8380270B-0225-41A4-97CE-3AC812474489}.Release|Any CPU.ActiveCfg = Release|Any CPU
		{8380270B-0225-41A4-97CE-3AC812474489}.Release|Any CPU.Build.0 = Release|Any CPU
		{E2566CCA-D0C8-41C5-AF57-846480013AE4}.Debug|Any CPU.ActiveCfg = Debug|Any CPU
		{E2566CCA-D0C8-41C5-AF57-846480013AE4}.Debug|Any CPU.Build.0 = Debug|Any CPU
		{E2566CCA-D0C8-41C5-AF57-846480013AE4}.Release|Any CPU.ActiveCfg = Release|Any CPU
		{E2566CCA-D0C8-41C5-AF57-846480013AE4}.Release|Any CPU.Build.0 = Release|Any CPU
		{CBE32DE1-3659-4098-BD90-52E4C28E83F7}.Debug|Any CPU.ActiveCfg = Debug|Any CPU
		{CBE32DE1-3659-4098-BD90-52E4C28E83F7}.Debug|Any CPU.Build.0 = Debug|Any CPU
		{CBE32DE1-3659-4098-BD90-52E4C28E83F7}.Release|Any CPU.ActiveCfg = Release|Any CPU
		{CBE32DE1-3659-4098-BD90-52E4C28E83F7}.Release|Any CPU.Build.0 = Release|Any CPU
		{B980CE5F-C635-403B-89BB-9E8B475890A2}.Debug|Any CPU.ActiveCfg = Debug|Any CPU
		{B980CE5F-C635-403B-89BB-9E8B475890A2}.Debug|Any CPU.Build.0 = Debug|Any CPU
		{B980CE5F-C635-403B-89BB-9E8B475890A2}.Release|Any CPU.ActiveCfg = Release|Any CPU
		{B980CE5F-C635-403B-89BB-9E8B475890A2}.Release|Any CPU.Build.0 = Release|Any CPU
		{881380F6-E4CF-4212-A333-FA780B655C95}.Debug|Any CPU.ActiveCfg = Debug|Any CPU
		{881380F6-E4CF-4212-A333-FA780B655C95}.Debug|Any CPU.Build.0 = Debug|Any CPU
		{881380F6-E4CF-4212-A333-FA780B655C95}.Release|Any CPU.ActiveCfg = Release|Any CPU
		{881380F6-E4CF-4212-A333-FA780B655C95}.Release|Any CPU.Build.0 = Release|Any CPU
		{5947B6BF-C849-4E8B-8852-7FA10868C596}.Debug|Any CPU.ActiveCfg = Debug|Any CPU
		{5947B6BF-C849-4E8B-8852-7FA10868C596}.Debug|Any CPU.Build.0 = Debug|Any CPU
		{5947B6BF-C849-4E8B-8852-7FA10868C596}.Release|Any CPU.ActiveCfg = Release|Any CPU
		{5947B6BF-C849-4E8B-8852-7FA10868C596}.Release|Any CPU.Build.0 = Release|Any CPU
		{E06A4539-C857-4AA3-ADD8-335D553C0191}.Debug|Any CPU.ActiveCfg = Debug|Any CPU
		{E06A4539-C857-4AA3-ADD8-335D553C0191}.Debug|Any CPU.Build.0 = Debug|Any CPU
		{E06A4539-C857-4AA3-ADD8-335D553C0191}.Release|Any CPU.ActiveCfg = Release|Any CPU
		{E06A4539-C857-4AA3-ADD8-335D553C0191}.Release|Any CPU.Build.0 = Release|Any CPU
		{7D30465C-B13E-4D79-9D03-9F091628D802}.Debug|Any CPU.ActiveCfg = Debug|Any CPU
		{7D30465C-B13E-4D79-9D03-9F091628D802}.Debug|Any CPU.Build.0 = Debug|Any CPU
		{7D30465C-B13E-4D79-9D03-9F091628D802}.Release|Any CPU.ActiveCfg = Release|Any CPU
		{7D30465C-B13E-4D79-9D03-9F091628D802}.Release|Any CPU.Build.0 = Release|Any CPU
		{D48E54A5-F529-4BD2-A888-C32E47D7D358}.Debug|Any CPU.ActiveCfg = Debug|Any CPU
		{D48E54A5-F529-4BD2-A888-C32E47D7D358}.Debug|Any CPU.Build.0 = Debug|Any CPU
		{D48E54A5-F529-4BD2-A888-C32E47D7D358}.Release|Any CPU.ActiveCfg = Release|Any CPU
		{D48E54A5-F529-4BD2-A888-C32E47D7D358}.Release|Any CPU.Build.0 = Release|Any CPU
		{D3FD00ED-CDE7-4B20-9F46-44C4C76DAAC2}.Debug|Any CPU.ActiveCfg = Debug|Any CPU
		{D3FD00ED-CDE7-4B20-9F46-44C4C76DAAC2}.Debug|Any CPU.Build.0 = Debug|Any CPU
		{D3FD00ED-CDE7-4B20-9F46-44C4C76DAAC2}.Release|Any CPU.ActiveCfg = Release|Any CPU
		{D3FD00ED-CDE7-4B20-9F46-44C4C76DAAC2}.Release|Any CPU.Build.0 = Release|Any CPU
		{D233A001-24C5-4E09-BFB7-C990F2426A2B}.Debug|Any CPU.ActiveCfg = Debug|Any CPU
		{D233A001-24C5-4E09-BFB7-C990F2426A2B}.Debug|Any CPU.Build.0 = Debug|Any CPU
		{D233A001-24C5-4E09-BFB7-C990F2426A2B}.Release|Any CPU.ActiveCfg = Release|Any CPU
		{D233A001-24C5-4E09-BFB7-C990F2426A2B}.Release|Any CPU.Build.0 = Release|Any CPU
		{C7021380-E393-4818-ACB8-04EFA448B0CC}.Debug|Any CPU.ActiveCfg = Debug|Any CPU
		{C7021380-E393-4818-ACB8-04EFA448B0CC}.Debug|Any CPU.Build.0 = Debug|Any CPU
		{C7021380-E393-4818-ACB8-04EFA448B0CC}.Release|Any CPU.ActiveCfg = Release|Any CPU
		{C7021380-E393-4818-ACB8-04EFA448B0CC}.Release|Any CPU.Build.0 = Release|Any CPU
		{FF921194-8E7B-4C52-909F-C16F6BB34A44}.Debug|Any CPU.ActiveCfg = Debug|Any CPU
		{FF921194-8E7B-4C52-909F-C16F6BB34A44}.Debug|Any CPU.Build.0 = Debug|Any CPU
		{FF921194-8E7B-4C52-909F-C16F6BB34A44}.Release|Any CPU.ActiveCfg = Release|Any CPU
		{FF921194-8E7B-4C52-909F-C16F6BB34A44}.Release|Any CPU.Build.0 = Release|Any CPU
		{C1EA546F-AA74-48E0-9596-4575F3A28BAF}.Debug|Any CPU.ActiveCfg = Debug|Any CPU
		{C1EA546F-AA74-48E0-9596-4575F3A28BAF}.Debug|Any CPU.Build.0 = Debug|Any CPU
		{C1EA546F-AA74-48E0-9596-4575F3A28BAF}.Release|Any CPU.ActiveCfg = Release|Any CPU
		{C1EA546F-AA74-48E0-9596-4575F3A28BAF}.Release|Any CPU.Build.0 = Release|Any CPU
		{896638D6-9D19-416B-9696-9CD7F8B23CB4}.Debug|Any CPU.ActiveCfg = Debug|Any CPU
		{896638D6-9D19-416B-9696-9CD7F8B23CB4}.Debug|Any CPU.Build.0 = Debug|Any CPU
		{896638D6-9D19-416B-9696-9CD7F8B23CB4}.Release|Any CPU.ActiveCfg = Release|Any CPU
		{896638D6-9D19-416B-9696-9CD7F8B23CB4}.Release|Any CPU.Build.0 = Release|Any CPU
		{1FACF127-D029-4EF4-8652-36E11CB22CF1}.Debug|Any CPU.ActiveCfg = Debug|Any CPU
		{1FACF127-D029-4EF4-8652-36E11CB22CF1}.Debug|Any CPU.Build.0 = Debug|Any CPU
		{1FACF127-D029-4EF4-8652-36E11CB22CF1}.Release|Any CPU.ActiveCfg = Release|Any CPU
		{1FACF127-D029-4EF4-8652-36E11CB22CF1}.Release|Any CPU.Build.0 = Release|Any CPU
		{09329CB4-37B9-4559-AE56-8022407C1371}.Debug|Any CPU.ActiveCfg = Debug|Any CPU
		{09329CB4-37B9-4559-AE56-8022407C1371}.Debug|Any CPU.Build.0 = Debug|Any CPU
		{09329CB4-37B9-4559-AE56-8022407C1371}.Release|Any CPU.ActiveCfg = Release|Any CPU
		{09329CB4-37B9-4559-AE56-8022407C1371}.Release|Any CPU.Build.0 = Release|Any CPU
		{6E3031C1-054C-421B-B445-673BA790C907}.Debug|Any CPU.ActiveCfg = Debug|Any CPU
		{6E3031C1-054C-421B-B445-673BA790C907}.Debug|Any CPU.Build.0 = Debug|Any CPU
		{6E3031C1-054C-421B-B445-673BA790C907}.Release|Any CPU.ActiveCfg = Release|Any CPU
		{6E3031C1-054C-421B-B445-673BA790C907}.Release|Any CPU.Build.0 = Release|Any CPU
		{0DC8303B-3DF2-46EC-AA20-99B54EBCDA5E}.Debug|Any CPU.ActiveCfg = Debug|Any CPU
		{0DC8303B-3DF2-46EC-AA20-99B54EBCDA5E}.Debug|Any CPU.Build.0 = Debug|Any CPU
		{0DC8303B-3DF2-46EC-AA20-99B54EBCDA5E}.Release|Any CPU.ActiveCfg = Release|Any CPU
		{0DC8303B-3DF2-46EC-AA20-99B54EBCDA5E}.Release|Any CPU.Build.0 = Release|Any CPU
		{47D9FE42-1BC9-4987-868B-DE0B7DFA774D}.Debug|Any CPU.ActiveCfg = Debug|Any CPU
		{47D9FE42-1BC9-4987-868B-DE0B7DFA774D}.Debug|Any CPU.Build.0 = Debug|Any CPU
		{47D9FE42-1BC9-4987-868B-DE0B7DFA774D}.Release|Any CPU.ActiveCfg = Release|Any CPU
		{47D9FE42-1BC9-4987-868B-DE0B7DFA774D}.Release|Any CPU.Build.0 = Release|Any CPU
		{B9F8CB09-219F-489B-8B23-A2CCA53C99C6}.Debug|Any CPU.ActiveCfg = Debug|Any CPU
		{B9F8CB09-219F-489B-8B23-A2CCA53C99C6}.Debug|Any CPU.Build.0 = Debug|Any CPU
		{B9F8CB09-219F-489B-8B23-A2CCA53C99C6}.Release|Any CPU.ActiveCfg = Release|Any CPU
		{B9F8CB09-219F-489B-8B23-A2CCA53C99C6}.Release|Any CPU.Build.0 = Release|Any CPU
		{9BD1B06E-A8BD-4FE7-B5FD-3792FE7C63FE}.Debug|Any CPU.ActiveCfg = Debug|Any CPU
		{9BD1B06E-A8BD-4FE7-B5FD-3792FE7C63FE}.Debug|Any CPU.Build.0 = Debug|Any CPU
		{9BD1B06E-A8BD-4FE7-B5FD-3792FE7C63FE}.Release|Any CPU.ActiveCfg = Release|Any CPU
		{9BD1B06E-A8BD-4FE7-B5FD-3792FE7C63FE}.Release|Any CPU.Build.0 = Release|Any CPU
		{DB7B6A10-85CE-4D17-ACD8-7DF3781469BA}.Debug|Any CPU.ActiveCfg = Debug|Any CPU
		{DB7B6A10-85CE-4D17-ACD8-7DF3781469BA}.Debug|Any CPU.Build.0 = Debug|Any CPU
		{DB7B6A10-85CE-4D17-ACD8-7DF3781469BA}.Release|Any CPU.ActiveCfg = Release|Any CPU
		{DB7B6A10-85CE-4D17-ACD8-7DF3781469BA}.Release|Any CPU.Build.0 = Release|Any CPU
		{D364862B-8DFD-4D25-82DD-F0915FC1190E}.Debug|Any CPU.ActiveCfg = Debug|Any CPU
		{D364862B-8DFD-4D25-82DD-F0915FC1190E}.Debug|Any CPU.Build.0 = Debug|Any CPU
		{D364862B-8DFD-4D25-82DD-F0915FC1190E}.Release|Any CPU.ActiveCfg = Release|Any CPU
		{D364862B-8DFD-4D25-82DD-F0915FC1190E}.Release|Any CPU.Build.0 = Release|Any CPU
	EndGlobalSection
	GlobalSection(SolutionProperties) = preSolution
		HideSolutionNode = FALSE
	EndGlobalSection
	GlobalSection(NestedProjects) = preSolution
		{03995BA4-23A2-4231-80A5-4FF98AD8CD18} = {965D5F79-56E6-4467-BFE9-F8687E123E9A}
		{85946594-FF9C-455D-9276-D4D37007D2E1} = {965D5F79-56E6-4467-BFE9-F8687E123E9A}
		{E2566CCA-D0C8-41C5-AF57-846480013AE4} = {965D5F79-56E6-4467-BFE9-F8687E123E9A}
		{CBE32DE1-3659-4098-BD90-52E4C28E83F7} = {965D5F79-56E6-4467-BFE9-F8687E123E9A}
		{881380F6-E4CF-4212-A333-FA780B655C95} = {FA2D6440-3086-4E5C-914E-F2E54C8FDB3A}
		{5947B6BF-C849-4E8B-8852-7FA10868C596} = {FA2D6440-3086-4E5C-914E-F2E54C8FDB3A}
		{E06A4539-C857-4AA3-ADD8-335D553C0191} = {FA2D6440-3086-4E5C-914E-F2E54C8FDB3A}
		{7D30465C-B13E-4D79-9D03-9F091628D802} = {FA2D6440-3086-4E5C-914E-F2E54C8FDB3A}
		{D48E54A5-F529-4BD2-A888-C32E47D7D358} = {FA2D6440-3086-4E5C-914E-F2E54C8FDB3A}
		{D3FD00ED-CDE7-4B20-9F46-44C4C76DAAC2} = {FA2D6440-3086-4E5C-914E-F2E54C8FDB3A}
		{D233A001-24C5-4E09-BFB7-C990F2426A2B} = {FA2D6440-3086-4E5C-914E-F2E54C8FDB3A}
		{C7021380-E393-4818-ACB8-04EFA448B0CC} = {FA2D6440-3086-4E5C-914E-F2E54C8FDB3A}
		{FF921194-8E7B-4C52-909F-C16F6BB34A44} = {FA2D6440-3086-4E5C-914E-F2E54C8FDB3A}
		{C1EA546F-AA74-48E0-9596-4575F3A28BAF} = {FA2D6440-3086-4E5C-914E-F2E54C8FDB3A}
		{896638D6-9D19-416B-9696-9CD7F8B23CB4} = {FA2D6440-3086-4E5C-914E-F2E54C8FDB3A}
		{1FACF127-D029-4EF4-8652-36E11CB22CF1} = {FA2D6440-3086-4E5C-914E-F2E54C8FDB3A}
		{09329CB4-37B9-4559-AE56-8022407C1371} = {FA2D6440-3086-4E5C-914E-F2E54C8FDB3A}
		{6E3031C1-054C-421B-B445-673BA790C907} = {FA2D6440-3086-4E5C-914E-F2E54C8FDB3A}
		{0DC8303B-3DF2-46EC-AA20-99B54EBCDA5E} = {FA2D6440-3086-4E5C-914E-F2E54C8FDB3A}
		{47D9FE42-1BC9-4987-868B-DE0B7DFA774D} = {FA2D6440-3086-4E5C-914E-F2E54C8FDB3A}
		{9BD1B06E-A8BD-4FE7-B5FD-3792FE7C63FE} = {FA2D6440-3086-4E5C-914E-F2E54C8FDB3A}
		{DB7B6A10-85CE-4D17-ACD8-7DF3781469BA} = {965D5F79-56E6-4467-BFE9-F8687E123E9A}
		{D364862B-8DFD-4D25-82DD-F0915FC1190E} = {FA2D6440-3086-4E5C-914E-F2E54C8FDB3A}
	EndGlobalSection
	GlobalSection(ExtensibilityGlobals) = postSolution
		SolutionGuid = {4F4CE20A-885D-440D-9607-ABA7E68A45B7}
	EndGlobalSection
EndGlobal
